
Microsoft Visual Studio Solution File, Format Version 12.00
# Visual Studio 14
VisualStudioVersion = 14.0.25420.1
MinimumVisualStudioVersion = 10.0.40219.1
Project("{FAE04EC0-301F-11D3-BF4B-00C04F79EFBC}") = "BalanceBinaryTree", "BalanceBinaryTree.csproj", "{EBFC37F6-3928-45C7-97DF-F346824BB36F}"
EndProject
Project("{FAE04EC0-301F-11D3-BF4B-00C04F79EFBC}") = "BinaryTreeChecker", "BinaryTreeChecker\BinaryTreeChecker.csproj", "{27A02940-8329-486C-BC8E-7222E74D34BE}"
EndProject
Project("{FAE04EC0-301F-11D3-BF4B-00C04F79EFBC}") = "SecondLargestNumberInBST", "..\SecondLargestNumberInBST\SecondLargestNumberInBST.csproj", "{F666617F-3504-426B-A1EC-04AD22857CB6}"
EndProject
Project("{FAE04EC0-301F-11D3-BF4B-00C04F79EFBC}") = "MillionGazillion", "..\MillionGazillion\MillionGazillion.csproj", "{9B506DAE-B917-4672-8368-3D8F09404822}"
EndProject
Project("{FAE04EC0-301F-11D3-BF4B-00C04F79EFBC}") = "FindInOrderedSet", "..\FindInOrderedSet\FindInOrderedSet.csproj", "{F9291B18-9E7C-437B-A98F-E8534B01F614}"
EndProject
Project("{FAE04EC0-301F-11D3-BF4B-00C04F79EFBC}") = "FindRotationPoint", "..\FindRotationPoint\FindRotationPoint.csproj", "{27A52F7E-3EA4-48FB-99C9-50F2234769FB}"
EndProject
Project("{FAE04EC0-301F-11D3-BF4B-00C04F79EFBC}") = "InflightEntertainment", "InflightEntertainment\InflightEntertainment.csproj", "{4B25CAD5-2E3B-4180-9860-9546C2C678AA}"
EndProject
Project("{FAE04EC0-301F-11D3-BF4B-00C04F79EFBC}") = "ComputeNthFibonacciNumber", "..\ComputeNthFibonacciNumber\ComputeNthFibonacciNumber.csproj", "{D55D52A7-190A-42AB-AF4A-B5100BE47CA5}"
EndProject
Project("{FAE04EC0-301F-11D3-BF4B-00C04F79EFBC}") = "TheCakeThief", "..\TheCakeThief\TheCakeThief.csproj", "{6747B716-0070-42F0-AA4D-B7702255CB4B}"
EndProject
Project("{FAE04EC0-301F-11D3-BF4B-00C04F79EFBC}") = "QueueTwoStacks", "..\QueueTwoStacks\QueueTwoStacks.csproj", "{98AF2ECF-7C15-4D02-903A-18FF075CA7A3}"
EndProject
Project("{FAE04EC0-301F-11D3-BF4B-00C04F79EFBC}") = "LargestStack", "LargestStack\LargestStack.csproj", "{F5B7ADBD-EA9F-495D-BACF-EAB883B75693}"
EndProject
Project("{FAE04EC0-301F-11D3-BF4B-00C04F79EFBC}") = "TheStolenBreakfastDrone", "TheStolenBreakfastDrone\TheStolenBreakfastDrone.csproj", "{5AD55F43-1179-4758-B442-9073B0CE83C9}"
EndProject
Project("{FAE04EC0-301F-11D3-BF4B-00C04F79EFBC}") = "DeleteNode", "..\DeleteNode\DeleteNode.csproj", "{A7126275-4427-4619-9F69-59DDC7EF4E6E}"
EndProject
Project("{FAE04EC0-301F-11D3-BF4B-00C04F79EFBC}") = "ContainsCycle", "ContainsCycle\ContainsCycle.csproj", "{ABD4B8EA-DEB2-4359-B8D2-B7A7BE4640B1}"
EndProject
Project("{FAE04EC0-301F-11D3-BF4B-00C04F79EFBC}") = "ReverseLinkedList", "ReverseLinkedList\ReverseLinkedList.csproj", "{EC56FFD5-6C6E-435A-8AC3-FAC73EE73992}"
EndProject
Project("{FAE04EC0-301F-11D3-BF4B-00C04F79EFBC}") = "KthToLastNodeNodeInLinkedList", "KthToLastNodeNodeInLinkedList\KthToLastNodeNodeInLinkedList.csproj", "{8DD7E614-7D7C-4BC5-A826-F7FE713923D3}"
EndProject
Project("{FAE04EC0-301F-11D3-BF4B-00C04F79EFBC}") = "ReverseStringInPlace", "ReverseStringInPlace\ReverseStringInPlace.csproj", "{7FD66E5F-A4B4-45A2-83F2-E7F8545CF8E1}"
EndProject
Project("{FAE04EC0-301F-11D3-BF4B-00C04F79EFBC}") = "ReverseWords", "ReverseWords\ReverseWords.csproj", "{77768E2D-777F-46B3-9009-873DC911A87A}"
EndProject
Project("{FAE04EC0-301F-11D3-BF4B-00C04F79EFBC}") = "ParenthesisMatching", "..\ParenthesisMatching\ParenthesisMatching.csproj", "{E40D2B5F-CED7-41AA-82A2-B21433CA6643}"
EndProject
Project("{FAE04EC0-301F-11D3-BF4B-00C04F79EFBC}") = "BracketValidator", "BracketValidator\BracketValidator.csproj", "{7981ACF0-75E0-4417-8CA9-B642C863D6B5}"
EndProject
Project("{FAE04EC0-301F-11D3-BF4B-00C04F79EFBC}") = "PermutationPalindrome", "PermutationPalindrome\PermutationPalindrome.csproj", "{3ACD7880-BEE1-46D2-B57D-50452715653B}"
EndProject
Project("{FAE04EC0-301F-11D3-BF4B-00C04F79EFBC}") = "RecursiveStringPermutations", "RecursiveStringPermutations\RecursiveStringPermutations.csproj", "{9930E91F-CA08-44A6-A328-7A0662BB76AC}"
EndProject
Global
	GlobalSection(SolutionConfigurationPlatforms) = preSolution
		Debug|Any CPU = Debug|Any CPU
		Release|Any CPU = Release|Any CPU
	EndGlobalSection
	GlobalSection(ProjectConfigurationPlatforms) = postSolution
		{EBFC37F6-3928-45C7-97DF-F346824BB36F}.Debug|Any CPU.ActiveCfg = Debug|Any CPU
		{EBFC37F6-3928-45C7-97DF-F346824BB36F}.Debug|Any CPU.Build.0 = Debug|Any CPU
		{EBFC37F6-3928-45C7-97DF-F346824BB36F}.Release|Any CPU.ActiveCfg = Release|Any CPU
		{EBFC37F6-3928-45C7-97DF-F346824BB36F}.Release|Any CPU.Build.0 = Release|Any CPU
		{27A02940-8329-486C-BC8E-7222E74D34BE}.Debug|Any CPU.ActiveCfg = Debug|Any CPU
		{27A02940-8329-486C-BC8E-7222E74D34BE}.Debug|Any CPU.Build.0 = Debug|Any CPU
		{27A02940-8329-486C-BC8E-7222E74D34BE}.Release|Any CPU.ActiveCfg = Release|Any CPU
		{27A02940-8329-486C-BC8E-7222E74D34BE}.Release|Any CPU.Build.0 = Release|Any CPU
		{F666617F-3504-426B-A1EC-04AD22857CB6}.Debug|Any CPU.ActiveCfg = Debug|Any CPU
		{F666617F-3504-426B-A1EC-04AD22857CB6}.Debug|Any CPU.Build.0 = Debug|Any CPU
		{F666617F-3504-426B-A1EC-04AD22857CB6}.Release|Any CPU.ActiveCfg = Release|Any CPU
		{F666617F-3504-426B-A1EC-04AD22857CB6}.Release|Any CPU.Build.0 = Release|Any CPU
		{9B506DAE-B917-4672-8368-3D8F09404822}.Debug|Any CPU.ActiveCfg = Debug|Any CPU
		{9B506DAE-B917-4672-8368-3D8F09404822}.Debug|Any CPU.Build.0 = Debug|Any CPU
		{9B506DAE-B917-4672-8368-3D8F09404822}.Release|Any CPU.ActiveCfg = Release|Any CPU
		{9B506DAE-B917-4672-8368-3D8F09404822}.Release|Any CPU.Build.0 = Release|Any CPU
		{F9291B18-9E7C-437B-A98F-E8534B01F614}.Debug|Any CPU.ActiveCfg = Debug|Any CPU
		{F9291B18-9E7C-437B-A98F-E8534B01F614}.Debug|Any CPU.Build.0 = Debug|Any CPU
		{F9291B18-9E7C-437B-A98F-E8534B01F614}.Release|Any CPU.ActiveCfg = Release|Any CPU
		{F9291B18-9E7C-437B-A98F-E8534B01F614}.Release|Any CPU.Build.0 = Release|Any CPU
		{27A52F7E-3EA4-48FB-99C9-50F2234769FB}.Debug|Any CPU.ActiveCfg = Debug|Any CPU
		{27A52F7E-3EA4-48FB-99C9-50F2234769FB}.Debug|Any CPU.Build.0 = Debug|Any CPU
		{27A52F7E-3EA4-48FB-99C9-50F2234769FB}.Release|Any CPU.ActiveCfg = Release|Any CPU
		{27A52F7E-3EA4-48FB-99C9-50F2234769FB}.Release|Any CPU.Build.0 = Release|Any CPU
		{4B25CAD5-2E3B-4180-9860-9546C2C678AA}.Debug|Any CPU.ActiveCfg = Debug|Any CPU
		{4B25CAD5-2E3B-4180-9860-9546C2C678AA}.Debug|Any CPU.Build.0 = Debug|Any CPU
		{4B25CAD5-2E3B-4180-9860-9546C2C678AA}.Release|Any CPU.ActiveCfg = Release|Any CPU
		{4B25CAD5-2E3B-4180-9860-9546C2C678AA}.Release|Any CPU.Build.0 = Release|Any CPU
		{D55D52A7-190A-42AB-AF4A-B5100BE47CA5}.Debug|Any CPU.ActiveCfg = Debug|Any CPU
		{D55D52A7-190A-42AB-AF4A-B5100BE47CA5}.Debug|Any CPU.Build.0 = Debug|Any CPU
		{D55D52A7-190A-42AB-AF4A-B5100BE47CA5}.Release|Any CPU.ActiveCfg = Release|Any CPU
		{D55D52A7-190A-42AB-AF4A-B5100BE47CA5}.Release|Any CPU.Build.0 = Release|Any CPU
		{6747B716-0070-42F0-AA4D-B7702255CB4B}.Debug|Any CPU.ActiveCfg = Debug|Any CPU
		{6747B716-0070-42F0-AA4D-B7702255CB4B}.Debug|Any CPU.Build.0 = Debug|Any CPU
		{6747B716-0070-42F0-AA4D-B7702255CB4B}.Release|Any CPU.ActiveCfg = Release|Any CPU
		{6747B716-0070-42F0-AA4D-B7702255CB4B}.Release|Any CPU.Build.0 = Release|Any CPU
		{98AF2ECF-7C15-4D02-903A-18FF075CA7A3}.Debug|Any CPU.ActiveCfg = Debug|Any CPU
		{98AF2ECF-7C15-4D02-903A-18FF075CA7A3}.Debug|Any CPU.Build.0 = Debug|Any CPU
		{98AF2ECF-7C15-4D02-903A-18FF075CA7A3}.Release|Any CPU.ActiveCfg = Release|Any CPU
		{98AF2ECF-7C15-4D02-903A-18FF075CA7A3}.Release|Any CPU.Build.0 = Release|Any CPU
		{F5B7ADBD-EA9F-495D-BACF-EAB883B75693}.Debug|Any CPU.ActiveCfg = Debug|Any CPU
		{F5B7ADBD-EA9F-495D-BACF-EAB883B75693}.Debug|Any CPU.Build.0 = Debug|Any CPU
		{F5B7ADBD-EA9F-495D-BACF-EAB883B75693}.Release|Any CPU.ActiveCfg = Release|Any CPU
		{F5B7ADBD-EA9F-495D-BACF-EAB883B75693}.Release|Any CPU.Build.0 = Release|Any CPU
		{5AD55F43-1179-4758-B442-9073B0CE83C9}.Debug|Any CPU.ActiveCfg = Debug|Any CPU
		{5AD55F43-1179-4758-B442-9073B0CE83C9}.Debug|Any CPU.Build.0 = Debug|Any CPU
		{5AD55F43-1179-4758-B442-9073B0CE83C9}.Release|Any CPU.ActiveCfg = Release|Any CPU
		{5AD55F43-1179-4758-B442-9073B0CE83C9}.Release|Any CPU.Build.0 = Release|Any CPU
		{A7126275-4427-4619-9F69-59DDC7EF4E6E}.Debug|Any CPU.ActiveCfg = Debug|Any CPU
		{A7126275-4427-4619-9F69-59DDC7EF4E6E}.Debug|Any CPU.Build.0 = Debug|Any CPU
		{A7126275-4427-4619-9F69-59DDC7EF4E6E}.Release|Any CPU.ActiveCfg = Release|Any CPU
		{A7126275-4427-4619-9F69-59DDC7EF4E6E}.Release|Any CPU.Build.0 = Release|Any CPU
		{ABD4B8EA-DEB2-4359-B8D2-B7A7BE4640B1}.Debug|Any CPU.ActiveCfg = Debug|Any CPU
		{ABD4B8EA-DEB2-4359-B8D2-B7A7BE4640B1}.Debug|Any CPU.Build.0 = Debug|Any CPU
		{ABD4B8EA-DEB2-4359-B8D2-B7A7BE4640B1}.Release|Any CPU.ActiveCfg = Release|Any CPU
		{ABD4B8EA-DEB2-4359-B8D2-B7A7BE4640B1}.Release|Any CPU.Build.0 = Release|Any CPU
		{EC56FFD5-6C6E-435A-8AC3-FAC73EE73992}.Debug|Any CPU.ActiveCfg = Debug|Any CPU
		{EC56FFD5-6C6E-435A-8AC3-FAC73EE73992}.Debug|Any CPU.Build.0 = Debug|Any CPU
		{EC56FFD5-6C6E-435A-8AC3-FAC73EE73992}.Release|Any CPU.ActiveCfg = Release|Any CPU
		{EC56FFD5-6C6E-435A-8AC3-FAC73EE73992}.Release|Any CPU.Build.0 = Release|Any CPU
		{8DD7E614-7D7C-4BC5-A826-F7FE713923D3}.Debug|Any CPU.ActiveCfg = Debug|Any CPU
		{8DD7E614-7D7C-4BC5-A826-F7FE713923D3}.Debug|Any CPU.Build.0 = Debug|Any CPU
		{8DD7E614-7D7C-4BC5-A826-F7FE713923D3}.Release|Any CPU.ActiveCfg = Release|Any CPU
		{8DD7E614-7D7C-4BC5-A826-F7FE713923D3}.Release|Any CPU.Build.0 = Release|Any CPU
		{7FD66E5F-A4B4-45A2-83F2-E7F8545CF8E1}.Debug|Any CPU.ActiveCfg = Debug|Any CPU
		{7FD66E5F-A4B4-45A2-83F2-E7F8545CF8E1}.Debug|Any CPU.Build.0 = Debug|Any CPU
		{7FD66E5F-A4B4-45A2-83F2-E7F8545CF8E1}.Release|Any CPU.ActiveCfg = Release|Any CPU
		{7FD66E5F-A4B4-45A2-83F2-E7F8545CF8E1}.Release|Any CPU.Build.0 = Release|Any CPU
		{77768E2D-777F-46B3-9009-873DC911A87A}.Debug|Any CPU.ActiveCfg = Debug|Any CPU
		{77768E2D-777F-46B3-9009-873DC911A87A}.Debug|Any CPU.Build.0 = Debug|Any CPU
		{77768E2D-777F-46B3-9009-873DC911A87A}.Release|Any CPU.ActiveCfg = Release|Any CPU
		{77768E2D-777F-46B3-9009-873DC911A87A}.Release|Any CPU.Build.0 = Release|Any CPU
		{E40D2B5F-CED7-41AA-82A2-B21433CA6643}.Debug|Any CPU.ActiveCfg = Debug|Any CPU
		{E40D2B5F-CED7-41AA-82A2-B21433CA6643}.Debug|Any CPU.Build.0 = Debug|Any CPU
		{E40D2B5F-CED7-41AA-82A2-B21433CA6643}.Release|Any CPU.ActiveCfg = Release|Any CPU
		{E40D2B5F-CED7-41AA-82A2-B21433CA6643}.Release|Any CPU.Build.0 = Release|Any CPU
		{7981ACF0-75E0-4417-8CA9-B642C863D6B5}.Debug|Any CPU.ActiveCfg = Debug|Any CPU
		{7981ACF0-75E0-4417-8CA9-B642C863D6B5}.Debug|Any CPU.Build.0 = Debug|Any CPU
		{7981ACF0-75E0-4417-8CA9-B642C863D6B5}.Release|Any CPU.ActiveCfg = Release|Any CPU
		{7981ACF0-75E0-4417-8CA9-B642C863D6B5}.Release|Any CPU.Build.0 = Release|Any CPU
		{3ACD7880-BEE1-46D2-B57D-50452715653B}.Debug|Any CPU.ActiveCfg = Debug|Any CPU
		{3ACD7880-BEE1-46D2-B57D-50452715653B}.Debug|Any CPU.Build.0 = Debug|Any CPU
		{3ACD7880-BEE1-46D2-B57D-50452715653B}.Release|Any CPU.ActiveCfg = Release|Any CPU
		{3ACD7880-BEE1-46D2-B57D-50452715653B}.Release|Any CPU.Build.0 = Release|Any CPU
		{9930E91F-CA08-44A6-A328-7A0662BB76AC}.Debug|Any CPU.ActiveCfg = Debug|Any CPU
		{9930E91F-CA08-44A6-A328-7A0662BB76AC}.Debug|Any CPU.Build.0 = Debug|Any CPU
		{9930E91F-CA08-44A6-A328-7A0662BB76AC}.Release|Any CPU.ActiveCfg = Release|Any CPU
		{9930E91F-CA08-44A6-A328-7A0662BB76AC}.Release|Any CPU.Build.0 = Release|Any CPU
	EndGlobalSection
	GlobalSection(SolutionProperties) = preSolution
		HideSolutionNode = FALSE
	EndGlobalSection
EndGlobal
